
Microsoft Visual Studio Solution File, Format Version 12.00
# Visual Studio Version 17
VisualStudioVersion = 17.3.32929.385
MinimumVisualStudioVersion = 10.0.40219.1
Project("{9A19103F-16F7-4668-BE54-9A1E7A4F7556}") = "FA.JustBlog.Core", "FA.JustBlog.Core\FA.JustBlog.Core.csproj", "{5A026CFA-9B57-4CEF-A42A-4D718B24E50C}"
EndProject
Project("{9A19103F-16F7-4668-BE54-9A1E7A4F7556}") = "FA.JustBlog.UnitTest", "FA.JustBlog.UnitTest\FA.JustBlog.UnitTest.csproj", "{5CBD0372-F6E1-49ED-9BB1-B0BF87115528}"
EndProject
Project("{FAE04EC0-301F-11D3-BF4B-00C04F79EFBC}") = "FA.JustBlog", "FA.JustBlog\FA.JustBlog.csproj", "{250878C2-AFE6-4D94-8559-E3796D2EA564}"
EndProject
Global
	GlobalSection(SolutionConfigurationPlatforms) = preSolution
		Debug|Any CPU = Debug|Any CPU
		Release|Any CPU = Release|Any CPU
	EndGlobalSection
	GlobalSection(ProjectConfigurationPlatforms) = postSolution
		{5A026CFA-9B57-4CEF-A42A-4D718B24E50C}.Debug|Any CPU.ActiveCfg = Debug|Any CPU
		{5A026CFA-9B57-4CEF-A42A-4D718B24E50C}.Debug|Any CPU.Build.0 = Debug|Any CPU
		{5A026CFA-9B57-4CEF-A42A-4D718B24E50C}.Release|Any CPU.ActiveCfg = Release|Any CPU
		{5A026CFA-9B57-4CEF-A42A-4D718B24E50C}.Release|Any CPU.Build.0 = Release|Any CPU
		{5CBD0372-F6E1-49ED-9BB1-B0BF87115528}.Debug|Any CPU.ActiveCfg = Debug|Any CPU
		{5CBD0372-F6E1-49ED-9BB1-B0BF87115528}.Debug|Any CPU.Build.0 = Debug|Any CPU
		{5CBD0372-F6E1-49ED-9BB1-B0BF87115528}.Release|Any CPU.ActiveCfg = Release|Any CPU
		{5CBD0372-F6E1-49ED-9BB1-B0BF87115528}.Release|Any CPU.Build.0 = Release|Any CPU
		{250878C2-AFE6-4D94-8559-E3796D2EA564}.Debug|Any CPU.ActiveCfg = Debug|Any CPU
		{250878C2-AFE6-4D94-8559-E3796D2EA564}.Debug|Any CPU.Build.0 = Debug|Any CPU
		{250878C2-AFE6-4D94-8559-E3796D2EA564}.Release|Any CPU.ActiveCfg = Release|Any CPU
		{250878C2-AFE6-4D94-8559-E3796D2EA564}.Release|Any CPU.Build.0 = Release|Any CPU
	EndGlobalSection
	GlobalSection(SolutionProperties) = preSolution
		HideSolutionNode = FALSE
	EndGlobalSection
	GlobalSection(ExtensibilityGlobals) = postSolution
		SolutionGuid = {230B1168-C9BE-433A-9852-4E5F4DF692E5}
	EndGlobalSection
EndGlobal
